
Microsoft Visual Studio Solution File, Format Version 12.00
# Visual Studio Version 16
VisualStudioVersion = 16.0.32602.291
MinimumVisualStudioVersion = 10.0.40219.1
Project("{FAE04EC0-301F-11D3-BF4B-00C04F79EFBC}") = "Generic_Collections", "Generic_Collections\Generic_Collections.csproj", "{BEEFD3C0-728C-4B94-ABEE-0901DD83E371}"
EndProject
Global
	GlobalSection(SolutionConfigurationPlatforms) = preSolution
		Debug|Any CPU = Debug|Any CPU
		Release|Any CPU = Release|Any CPU
	EndGlobalSection
	GlobalSection(ProjectConfigurationPlatforms) = postSolution
		{BEEFD3C0-728C-4B94-ABEE-0901DD83E371}.Debug|Any CPU.ActiveCfg = Debug|Any CPU
		{BEEFD3C0-728C-4B94-ABEE-0901DD83E371}.Debug|Any CPU.Build.0 = Debug|Any CPU
		{BEEFD3C0-728C-4B94-ABEE-0901DD83E371}.Release|Any CPU.ActiveCfg = Release|Any CPU
		{BEEFD3C0-728C-4B94-ABEE-0901DD83E371}.Release|Any CPU.Build.0 = Release|Any CPU
	EndGlobalSection
	GlobalSection(SolutionProperties) = preSolution
		HideSolutionNode = FALSE
	EndGlobalSection
	GlobalSection(ExtensibilityGlobals) = postSolution
		SolutionGuid = {3F2669D7-841B-4689-8D38-E80222F609CD}
	EndGlobalSection
EndGlobal
